// !$*UTF8*$!
{
	archiveVersion = 1;
	classes = {
	};
	objectVersion = 46;
	objects = {

/* Begin PBXBuildFile section */
		45B35DBE1E6EB24B00F0F2EE /* YourTestChatViewController.m in Sources */ = {isa = PBXBuildFile; fileRef = 45B35DBD1E6EB24B00F0F2EE /* YourTestChatViewController.m */; };
		45B35DC11E6EB6C900F0F2EE /* chatViewController.m in Sources */ = {isa = PBXBuildFile; fileRef = 45B35DC01E6EB6C900F0F2EE /* chatViewController.m */; };
		45B35DC31E6F975900F0F2EE /* head@2x.png in Resources */ = {isa = PBXBuildFile; fileRef = 45B35DC21E6F975900F0F2EE /* head@2x.png */; };
		45B35DC61E6FD72B00F0F2EE /* Nav.m in Sources */ = {isa = PBXBuildFile; fileRef = 45B35DC51E6FD72B00F0F2EE /* Nav.m */; };
		45B35DC81E6FDAE900F0F2EE /* backfinal.png in Resources */ = {isa = PBXBuildFile; fileRef = 45B35DC71E6FDAE900F0F2EE /* backfinal.png */; };
		45B35DCA1E6FDAF000F0F2EE /* friendlist.png in Resources */ = {isa = PBXBuildFile; fileRef = 45B35DC91E6FDAF000F0F2EE /* friendlist.png */; };
		45B35DCF1E6FDC7000F0F2EE /* FriendTableTableViewCell.m in Sources */ = {isa = PBXBuildFile; fileRef = 45B35DCC1E6FDC7000F0F2EE /* FriendTableTableViewCell.m */; };
		45B35DD01E6FDC7000F0F2EE /* FriendTableViewController.m in Sources */ = {isa = PBXBuildFile; fileRef = 45B35DCE1E6FDC7000F0F2EE /* FriendTableViewController.m */; };
		45D86DF61E6EAA04001DFDDB /* main.m in Sources */ = {isa = PBXBuildFile; fileRef = 45D86DF51E6EAA04001DFDDB /* main.m */; };
		45D86DF91E6EAA04001DFDDB /* AppDelegate.m in Sources */ = {isa = PBXBuildFile; fileRef = 45D86DF81E6EAA04001DFDDB /* AppDelegate.m */; };
		45D86DFC1E6EAA04001DFDDB /* ViewController.m in Sources */ = {isa = PBXBuildFile; fileRef = 45D86DFB1E6EAA04001DFDDB /* ViewController.m */; };
		45D86DFF1E6EAA04001DFDDB /* Main.storyboard in Resources */ = {isa = PBXBuildFile; fileRef = 45D86DFD1E6EAA04001DFDDB /* Main.storyboard */; };
		45D86E011E6EAA04001DFDDB /* Assets.xcassets in Resources */ = {isa = PBXBuildFile; fileRef = 45D86E001E6EAA04001DFDDB /* Assets.xcassets */; };
		45D86E041E6EAA04001DFDDB /* LaunchScreen.storyboard in Resources */ = {isa = PBXBuildFile; fileRef = 45D86E021E6EAA04001DFDDB /* LaunchScreen.storyboard */; };
		45D86E0F1E6EAA04001DFDDB /* TAGChatTests.m in Sources */ = {isa = PBXBuildFile; fileRef = 45D86E0E1E6EAA04001DFDDB /* TAGChatTests.m */; };
		45D86E1A1E6EAA04001DFDDB /* TAGChatUITests.m in Sources */ = {isa = PBXBuildFile; fileRef = 45D86E191E6EAA04001DFDDB /* TAGChatUITests.m */; };
		7C775BE19BE6984DE52A0778 /* libPods-TAGChat.a in Frameworks */ = {isa = PBXBuildFile; fileRef = 0B80FBAFD3CAC0FCB7EFA937 /* libPods-TAGChat.a */; };
/* End PBXBuildFile section */

/* Begin PBXContainerItemProxy section */
		45D86E0B1E6EAA04001DFDDB /* PBXContainerItemProxy */ = {
			isa = PBXContainerItemProxy;
			containerPortal = 45D86DE91E6EAA04001DFDDB /* Project object */;
			proxyType = 1;
			remoteGlobalIDString = 45D86DF01E6EAA04001DFDDB;
			remoteInfo = TAGChat;
		};
		45D86E161E6EAA04001DFDDB /* PBXContainerItemProxy */ = {
			isa = PBXContainerItemProxy;
			containerPortal = 45D86DE91E6EAA04001DFDDB /* Project object */;
			proxyType = 1;
			remoteGlobalIDString = 45D86DF01E6EAA04001DFDDB;
			remoteInfo = TAGChat;
		};
/* End PBXContainerItemProxy section */

/* Begin PBXFileReference section */
		0B80FBAFD3CAC0FCB7EFA937 /* libPods-TAGChat.a */ = {isa = PBXFileReference; explicitFileType = archive.ar; includeInIndex = 0; path = "libPods-TAGChat.a"; sourceTree = BUILT_PRODUCTS_DIR; };
		3631D46A030AD23916CFAFDA /* Pods-TAGChat.release.xcconfig */ = {isa = PBXFileReference; includeInIndex = 1; lastKnownFileType = text.xcconfig; name = "Pods-TAGChat.release.xcconfig"; path = "Pods/Target Support Files/Pods-TAGChat/Pods-TAGChat.release.xcconfig"; sourceTree = "<group>"; };
		45B35DBC1E6EB24B00F0F2EE /* YourTestChatViewController.h */ = {isa = PBXFileReference; fileEncoding = 4; lastKnownFileType = sourcecode.c.h; path = YourTestChatViewController.h; sourceTree = "<group>"; };
		45B35DBD1E6EB24B00F0F2EE /* YourTestChatViewController.m */ = {isa = PBXFileReference; fileEncoding = 4; lastKnownFileType = sourcecode.c.objc; path = YourTestChatViewController.m; sourceTree = "<group>"; };
		45B35DBF1E6EB6C900F0F2EE /* chatViewController.h */ = {isa = PBXFileReference; fileEncoding = 4; lastKnownFileType = sourcecode.c.h; path = chatViewController.h; sourceTree = "<group>"; };
		45B35DC01E6EB6C900F0F2EE /* chatViewController.m */ = {isa = PBXFileReference; fileEncoding = 4; lastKnownFileType = sourcecode.c.objc; path = chatViewController.m; sourceTree = "<group>"; };
		45B35DC21E6F975900F0F2EE /* head@2x.png */ = {isa = PBXFileReference; lastKnownFileType = image.png; path = "head@2x.png"; sourceTree = "<group>"; };
		45B35DC41E6FD72B00F0F2EE /* Nav.h */ = {isa = PBXFileReference; fileEncoding = 4; lastKnownFileType = sourcecode.c.h; path = Nav.h; sourceTree = "<group>"; };
		45B35DC51E6FD72B00F0F2EE /* Nav.m */ = {isa = PBXFileReference; fileEncoding = 4; lastKnownFileType = sourcecode.c.objc; path = Nav.m; sourceTree = "<group>"; };
		45B35DC71E6FDAE900F0F2EE /* backfinal.png */ = {isa = PBXFileReference; lastKnownFileType = image.png; path = backfinal.png; sourceTree = "<group>"; };
		45B35DC91E6FDAF000F0F2EE /* friendlist.png */ = {isa = PBXFileReference; lastKnownFileType = image.png; path = friendlist.png; sourceTree = "<group>"; };
		45B35DCB1E6FDC7000F0F2EE /* FriendTableTableViewCell.h */ = {isa = PBXFileReference; fileEncoding = 4; lastKnownFileType = sourcecode.c.h; path = FriendTableTableViewCell.h; sourceTree = "<group>"; };
		45B35DCC1E6FDC7000F0F2EE /* FriendTableTableViewCell.m */ = {isa = PBXFileReference; fileEncoding = 4; lastKnownFileType = sourcecode.c.objc; path = FriendTableTableViewCell.m; sourceTree = "<group>"; };
		45B35DCD1E6FDC7000F0F2EE /* FriendTableViewController.h */ = {isa = PBXFileReference; fileEncoding = 4; lastKnownFileType = sourcecode.c.h; path = FriendTableViewController.h; sourceTree = "<group>"; };
		45B35DCE1E6FDC7000F0F2EE /* FriendTableViewController.m */ = {isa = PBXFileReference; fileEncoding = 4; lastKnownFileType = sourcecode.c.objc; path = FriendTableViewController.m; sourceTree = "<group>"; };
		45D86DF11E6EAA04001DFDDB /* TAGChat.app */ = {isa = PBXFileReference; explicitFileType = wrapper.application; includeInIndex = 0; path = TAGChat.app; sourceTree = BUILT_PRODUCTS_DIR; };
		45D86DF51E6EAA04001DFDDB /* main.m */ = {isa = PBXFileReference; lastKnownFileType = sourcecode.c.objc; path = main.m; sourceTree = "<group>"; };
		45D86DF71E6EAA04001DFDDB /* AppDelegate.h */ = {isa = PBXFileReference; lastKnownFileType = sourcecode.c.h; path = AppDelegate.h; sourceTree = "<group>"; };
		45D86DF81E6EAA04001DFDDB /* AppDelegate.m */ = {isa = PBXFileReference; lastKnownFileType = sourcecode.c.objc; path = AppDelegate.m; sourceTree = "<group>"; };
		45D86DFA1E6EAA04001DFDDB /* ViewController.h */ = {isa = PBXFileReference; lastKnownFileType = sourcecode.c.h; path = ViewController.h; sourceTree = "<group>"; };
		45D86DFB1E6EAA04001DFDDB /* ViewController.m */ = {isa = PBXFileReference; lastKnownFileType = sourcecode.c.objc; path = ViewController.m; sourceTree = "<group>"; };
		45D86DFE1E6EAA04001DFDDB /* Base */ = {isa = PBXFileReference; lastKnownFileType = file.storyboard; name = Base; path = Base.lproj/Main.storyboard; sourceTree = "<group>"; };
		45D86E001E6EAA04001DFDDB /* Assets.xcassets */ = {isa = PBXFileReference; lastKnownFileType = folder.assetcatalog; path = Assets.xcassets; sourceTree = "<group>"; };
		45D86E031E6EAA04001DFDDB /* Base */ = {isa = PBXFileReference; lastKnownFileType = file.storyboard; name = Base; path = Base.lproj/LaunchScreen.storyboard; sourceTree = "<group>"; };
		45D86E051E6EAA04001DFDDB /* Info.plist */ = {isa = PBXFileReference; lastKnownFileType = text.plist.xml; path = Info.plist; sourceTree = "<group>"; };
		45D86E0A1E6EAA04001DFDDB /* TAGChatTests.xctest */ = {isa = PBXFileReference; explicitFileType = wrapper.cfbundle; includeInIndex = 0; path = TAGChatTests.xctest; sourceTree = BUILT_PRODUCTS_DIR; };
		45D86E0E1E6EAA04001DFDDB /* TAGChatTests.m */ = {isa = PBXFileReference; lastKnownFileType = sourcecode.c.objc; path = TAGChatTests.m; sourceTree = "<group>"; };
		45D86E101E6EAA04001DFDDB /* Info.plist */ = {isa = PBXFileReference; lastKnownFileType = text.plist.xml; path = Info.plist; sourceTree = "<group>"; };
		45D86E151E6EAA04001DFDDB /* TAGChatUITests.xctest */ = {isa = PBXFileReference; explicitFileType = wrapper.cfbundle; includeInIndex = 0; path = TAGChatUITests.xctest; sourceTree = BUILT_PRODUCTS_DIR; };
		45D86E191E6EAA04001DFDDB /* TAGChatUITests.m */ = {isa = PBXFileReference; lastKnownFileType = sourcecode.c.objc; path = TAGChatUITests.m; sourceTree = "<group>"; };
		45D86E1B1E6EAA04001DFDDB /* Info.plist */ = {isa = PBXFileReference; lastKnownFileType = text.plist.xml; path = Info.plist; sourceTree = "<group>"; };
		F441389C55B9EF6BD710E0E4 /* Pods-TAGChat.debug.xcconfig */ = {isa = PBXFileReference; includeInIndex = 1; lastKnownFileType = text.xcconfig; name = "Pods-TAGChat.debug.xcconfig"; path = "Pods/Target Support Files/Pods-TAGChat/Pods-TAGChat.debug.xcconfig"; sourceTree = "<group>"; };
/* End PBXFileReference section */

/* Begin PBXFrameworksBuildPhase section */
		45D86DEE1E6EAA04001DFDDB /* Frameworks */ = {
			isa = PBXFrameworksBuildPhase;
			buildActionMask = 2147483647;
			files = (
				7C775BE19BE6984DE52A0778 /* libPods-TAGChat.a in Frameworks */,
			);
			runOnlyForDeploymentPostprocessing = 0;
		};
		45D86E071E6EAA04001DFDDB /* Frameworks */ = {
			isa = PBXFrameworksBuildPhase;
			buildActionMask = 2147483647;
			files = (
			);
			runOnlyForDeploymentPostprocessing = 0;
		};
		45D86E121E6EAA04001DFDDB /* Frameworks */ = {
			isa = PBXFrameworksBuildPhase;
			buildActionMask = 2147483647;
			files = (
			);
			runOnlyForDeploymentPostprocessing = 0;
		};
/* End PBXFrameworksBuildPhase section */

/* Begin PBXGroup section */
		45D86DE81E6EAA04001DFDDB = {
			isa = PBXGroup;
			children = (
				45D86DF31E6EAA04001DFDDB /* TAGChat */,
				45D86E0D1E6EAA04001DFDDB /* TAGChatTests */,
				45D86E181E6EAA04001DFDDB /* TAGChatUITests */,
				45D86DF21E6EAA04001DFDDB /* Products */,
				E554A74346C944009F06989A /* Pods */,
				DCE971C65484BC36D2F283FB /* Frameworks */,
			);
			sourceTree = "<group>";
		};
		45D86DF21E6EAA04001DFDDB /* Products */ = {
			isa = PBXGroup;
			children = (
				45D86DF11E6EAA04001DFDDB /* TAGChat.app */,
				45D86E0A1E6EAA04001DFDDB /* TAGChatTests.xctest */,
				45D86E151E6EAA04001DFDDB /* TAGChatUITests.xctest */,
			);
			name = Products;
			sourceTree = "<group>";
		};
		45D86DF31E6EAA04001DFDDB /* TAGChat */ = {
			isa = PBXGroup;
			children = (
				45D86DF71E6EAA04001DFDDB /* AppDelegate.h */,
				45D86DF81E6EAA04001DFDDB /* AppDelegate.m */,
				45B35DC41E6FD72B00F0F2EE /* Nav.h */,
				45B35DC51E6FD72B00F0F2EE /* Nav.m */,
				45D86DFA1E6EAA04001DFDDB /* ViewController.h */,
				45D86DFB1E6EAA04001DFDDB /* ViewController.m */,
				45B35DBC1E6EB24B00F0F2EE /* YourTestChatViewController.h */,
				45B35DBD1E6EB24B00F0F2EE /* YourTestChatViewController.m */,
				45B35DBF1E6EB6C900F0F2EE /* chatViewController.h */,
				45B35DC01E6EB6C900F0F2EE /* chatViewController.m */,
				45B35DCD1E6FDC7000F0F2EE /* FriendTableViewController.h */,
				45B35DCE1E6FDC7000F0F2EE /* FriendTableViewController.m */,
				45B35DCB1E6FDC7000F0F2EE /* FriendTableTableViewCell.h */,
				45B35DCC1E6FDC7000F0F2EE /* FriendTableTableViewCell.m */,
				45B35DC71E6FDAE900F0F2EE /* backfinal.png */,
				45B35DC21E6F975900F0F2EE /* head@2x.png */,
				45B35DC91E6FDAF000F0F2EE /* friendlist.png */,
				45D86DFD1E6EAA04001DFDDB /* Main.storyboard */,
				45D86E001E6EAA04001DFDDB /* Assets.xcassets */,
				45D86E021E6EAA04001DFDDB /* LaunchScreen.storyboard */,
				45D86E051E6EAA04001DFDDB /* Info.plist */,
				45D86DF41E6EAA04001DFDDB /* Supporting Files */,
			);
			path = TAGChat;
			sourceTree = "<group>";
		};
		45D86DF41E6EAA04001DFDDB /* Supporting Files */ = {
			isa = PBXGroup;
			children = (
				45D86DF51E6EAA04001DFDDB /* main.m */,
			);
			name = "Supporting Files";
			sourceTree = "<group>";
		};
		45D86E0D1E6EAA04001DFDDB /* TAGChatTests */ = {
			isa = PBXGroup;
			children = (
				45D86E0E1E6EAA04001DFDDB /* TAGChatTests.m */,
				45D86E101E6EAA04001DFDDB /* Info.plist */,
			);
			path = TAGChatTests;
			sourceTree = "<group>";
		};
		45D86E181E6EAA04001DFDDB /* TAGChatUITests */ = {
			isa = PBXGroup;
			children = (
				45D86E191E6EAA04001DFDDB /* TAGChatUITests.m */,
				45D86E1B1E6EAA04001DFDDB /* Info.plist */,
			);
			path = TAGChatUITests;
			sourceTree = "<group>";
		};
		DCE971C65484BC36D2F283FB /* Frameworks */ = {
			isa = PBXGroup;
			children = (
				0B80FBAFD3CAC0FCB7EFA937 /* libPods-TAGChat.a */,
			);
			name = Frameworks;
			sourceTree = "<group>";
		};
		E554A74346C944009F06989A /* Pods */ = {
			isa = PBXGroup;
			children = (
				F441389C55B9EF6BD710E0E4 /* Pods-TAGChat.debug.xcconfig */,
				3631D46A030AD23916CFAFDA /* Pods-TAGChat.release.xcconfig */,
			);
			name = Pods;
			sourceTree = "<group>";
		};
/* End PBXGroup section */

/* Begin PBXNativeTarget section */
		45D86DF01E6EAA04001DFDDB /* TAGChat */ = {
			isa = PBXNativeTarget;
			buildConfigurationList = 45D86E1E1E6EAA04001DFDDB /* Build configuration list for PBXNativeTarget "TAGChat" */;
			buildPhases = (
				E8FE5A1679829E7A1910D5AC /* [CP] Check Pods Manifest.lock */,
				45D86DED1E6EAA04001DFDDB /* Sources */,
				45D86DEE1E6EAA04001DFDDB /* Frameworks */,
				45D86DEF1E6EAA04001DFDDB /* Resources */,
				5AB1DAF9B2AE6C47E9065014 /* [CP] Embed Pods Frameworks */,
				F30479EF6A3ED1BB53226AB0 /* [CP] Copy Pods Resources */,
			);
			buildRules = (
			);
			dependencies = (
			);
			name = TAGChat;
			productName = TAGChat;
			productReference = 45D86DF11E6EAA04001DFDDB /* TAGChat.app */;
			productType = "com.apple.product-type.application";
		};
		45D86E091E6EAA04001DFDDB /* TAGChatTests */ = {
			isa = PBXNativeTarget;
			buildConfigurationList = 45D86E211E6EAA04001DFDDB /* Build configuration list for PBXNativeTarget "TAGChatTests" */;
			buildPhases = (
				45D86E061E6EAA04001DFDDB /* Sources */,
				45D86E071E6EAA04001DFDDB /* Frameworks */,
				45D86E081E6EAA04001DFDDB /* Resources */,
			);
			buildRules = (
			);
			dependencies = (
				45D86E0C1E6EAA04001DFDDB /* PBXTargetDependency */,
			);
			name = TAGChatTests;
			productName = TAGChatTests;
			productReference = 45D86E0A1E6EAA04001DFDDB /* TAGChatTests.xctest */;
			productType = "com.apple.product-type.bundle.unit-test";
		};
		45D86E141E6EAA04001DFDDB /* TAGChatUITests */ = {
			isa = PBXNativeTarget;
			buildConfigurationList = 45D86E241E6EAA04001DFDDB /* Build configuration list for PBXNativeTarget "TAGChatUITests" */;
			buildPhases = (
				45D86E111E6EAA04001DFDDB /* Sources */,
				45D86E121E6EAA04001DFDDB /* Frameworks */,
				45D86E131E6EAA04001DFDDB /* Resources */,
			);
			buildRules = (
			);
			dependencies = (
				45D86E171E6EAA04001DFDDB /* PBXTargetDependency */,
			);
			name = TAGChatUITests;
			productName = TAGChatUITests;
			productReference = 45D86E151E6EAA04001DFDDB /* TAGChatUITests.xctest */;
			productType = "com.apple.product-type.bundle.ui-testing";
		};
/* End PBXNativeTarget section */

/* Begin PBXProject section */
		45D86DE91E6EAA04001DFDDB /* Project object */ = {
			isa = PBXProject;
			attributes = {
				LastUpgradeCheck = 0820;
				ORGANIZATIONNAME = TAG;
				TargetAttributes = {
					45D86DF01E6EAA04001DFDDB = {
						CreatedOnToolsVersion = 8.2.1;
						DevelopmentTeam = KYKA84G3A2;
						ProvisioningStyle = Automatic;
					};
					45D86E091E6EAA04001DFDDB = {
						CreatedOnToolsVersion = 8.2.1;
						ProvisioningStyle = Automatic;
						TestTargetID = 45D86DF01E6EAA04001DFDDB;
					};
					45D86E141E6EAA04001DFDDB = {
						CreatedOnToolsVersion = 8.2.1;
						ProvisioningStyle = Automatic;
						TestTargetID = 45D86DF01E6EAA04001DFDDB;
					};
				};
			};
			buildConfigurationList = 45D86DEC1E6EAA04001DFDDB /* Build configuration list for PBXProject "TAGChat" */;
			compatibilityVersion = "Xcode 3.2";
			developmentRegion = English;
			hasScannedForEncodings = 0;
			knownRegions = (
				en,
				Base,
			);
			mainGroup = 45D86DE81E6EAA04001DFDDB;
			productRefGroup = 45D86DF21E6EAA04001DFDDB /* Products */;
			projectDirPath = "";
			projectRoot = "";
			targets = (
				45D86DF01E6EAA04001DFDDB /* TAGChat */,
				45D86E091E6EAA04001DFDDB /* TAGChatTests */,
				45D86E141E6EAA04001DFDDB /* TAGChatUITests */,
			);
		};
/* End PBXProject section */

/* Begin PBXResourcesBuildPhase section */
		45D86DEF1E6EAA04001DFDDB /* Resources */ = {
			isa = PBXResourcesBuildPhase;
			buildActionMask = 2147483647;
			files = (
				45D86E041E6EAA04001DFDDB /* LaunchScreen.storyboard in Resources */,
				45B35DCA1E6FDAF000F0F2EE /* friendlist.png in Resources */,
				45D86E011E6EAA04001DFDDB /* Assets.xcassets in Resources */,
				45B35DC81E6FDAE900F0F2EE /* backfinal.png in Resources */,
				45B35DC31E6F975900F0F2EE /* head@2x.png in Resources */,
				45D86DFF1E6EAA04001DFDDB /* Main.storyboard in Resources */,
			);
			runOnlyForDeploymentPostprocessing = 0;
		};
		45D86E081E6EAA04001DFDDB /* Resources */ = {
			isa = PBXResourcesBuildPhase;
			buildActionMask = 2147483647;
			files = (
			);
			runOnlyForDeploymentPostprocessing = 0;
		};
		45D86E131E6EAA04001DFDDB /* Resources */ = {
			isa = PBXResourcesBuildPhase;
			buildActionMask = 2147483647;
			files = (
			);
			runOnlyForDeploymentPostprocessing = 0;
		};
/* End PBXResourcesBuildPhase section */

/* Begin PBXShellScriptBuildPhase section */
		5AB1DAF9B2AE6C47E9065014 /* [CP] Embed Pods Frameworks */ = {
			isa = PBXShellScriptBuildPhase;
			buildActionMask = 2147483647;
			files = (
			);
			inputPaths = (
			);
			name = "[CP] Embed Pods Frameworks";
			outputPaths = (
			);
			runOnlyForDeploymentPostprocessing = 0;
			shellPath = /bin/sh;
			shellScript = "\"${SRCROOT}/Pods/Target Support Files/Pods-TAGChat/Pods-TAGChat-frameworks.sh\"\n";
			showEnvVarsInLog = 0;
		};
		E8FE5A1679829E7A1910D5AC /* [CP] Check Pods Manifest.lock */ = {
			isa = PBXShellScriptBuildPhase;
			buildActionMask = 2147483647;
			files = (
			);
			inputPaths = (
			);
			name = "[CP] Check Pods Manifest.lock";
			outputPaths = (
			);
			runOnlyForDeploymentPostprocessing = 0;
			shellPath = /bin/sh;
			shellScript = "diff \"${PODS_ROOT}/../Podfile.lock\" \"${PODS_ROOT}/Manifest.lock\" > /dev/null\nif [ $? != 0 ] ; then\n    # print error to STDERR\n    echo \"error: The sandbox is not in sync with the Podfile.lock. Run 'pod install' or update your CocoaPods installation.\" >&2\n    exit 1\nfi\n";
			showEnvVarsInLog = 0;
		};
		F30479EF6A3ED1BB53226AB0 /* [CP] Copy Pods Resources */ = {
			isa = PBXShellScriptBuildPhase;
			buildActionMask = 2147483647;
			files = (
			);
			inputPaths = (
			);
			name = "[CP] Copy Pods Resources";
			outputPaths = (
			);
			runOnlyForDeploymentPostprocessing = 0;
			shellPath = /bin/sh;
			shellScript = "\"${SRCROOT}/Pods/Target Support Files/Pods-TAGChat/Pods-TAGChat-resources.sh\"\n";
			showEnvVarsInLog = 0;
		};
/* End PBXShellScriptBuildPhase section */

/* Begin PBXSourcesBuildPhase section */
		45D86DED1E6EAA04001DFDDB /* Sources */ = {
			isa = PBXSourcesBuildPhase;
			buildActionMask = 2147483647;
			files = (
				45D86DFC1E6EAA04001DFDDB /* ViewController.m in Sources */,
				45B35DCF1E6FDC7000F0F2EE /* FriendTableTableViewCell.m in Sources */,
				45B35DBE1E6EB24B00F0F2EE /* YourTestChatViewController.m in Sources */,
				45B35DC11E6EB6C900F0F2EE /* chatViewController.m in Sources */,
				45B35DC61E6FD72B00F0F2EE /* Nav.m in Sources */,
				45B35DD01E6FDC7000F0F2EE /* FriendTableViewController.m in Sources */,
				45D86DF91E6EAA04001DFDDB /* AppDelegate.m in Sources */,
				45D86DF61E6EAA04001DFDDB /* main.m in Sources */,
			);
			runOnlyForDeploymentPostprocessing = 0;
		};
		45D86E061E6EAA04001DFDDB /* Sources */ = {
			isa = PBXSourcesBuildPhase;
			buildActionMask = 2147483647;
			files = (
				45D86E0F1E6EAA04001DFDDB /* TAGChatTests.m in Sources */,
			);
			runOnlyForDeploymentPostprocessing = 0;
		};
		45D86E111E6EAA04001DFDDB /* Sources */ = {
			isa = PBXSourcesBuildPhase;
			buildActionMask = 2147483647;
			files = (
				45D86E1A1E6EAA04001DFDDB /* TAGChatUITests.m in Sources */,
			);
			runOnlyForDeploymentPostprocessing = 0;
		};
/* End PBXSourcesBuildPhase section */

/* Begin PBXTargetDependency section */
		45D86E0C1E6EAA04001DFDDB /* PBXTargetDependency */ = {
			isa = PBXTargetDependency;
			target = 45D86DF01E6EAA04001DFDDB /* TAGChat */;
			targetProxy = 45D86E0B1E6EAA04001DFDDB /* PBXContainerItemProxy */;
		};
		45D86E171E6EAA04001DFDDB /* PBXTargetDependency */ = {
			isa = PBXTargetDependency;
			target = 45D86DF01E6EAA04001DFDDB /* TAGChat */;
			targetProxy = 45D86E161E6EAA04001DFDDB /* PBXContainerItemProxy */;
		};
/* End PBXTargetDependency section */

/* Begin PBXVariantGroup section */
		45D86DFD1E6EAA04001DFDDB /* Main.storyboard */ = {
			isa = PBXVariantGroup;
			children = (
				45D86DFE1E6EAA04001DFDDB /* Base */,
			);
			name = Main.storyboard;
			sourceTree = "<group>";
		};
		45D86E021E6EAA04001DFDDB /* LaunchScreen.storyboard */ = {
			isa = PBXVariantGroup;
			children = (
				45D86E031E6EAA04001DFDDB /* Base */,
			);
			name = LaunchScreen.storyboard;
			sourceTree = "<group>";
		};
/* End PBXVariantGroup section */

/* Begin XCBuildConfiguration section */
		45D86E1C1E6EAA04001DFDDB /* Debug */ = {
			isa = XCBuildConfiguration;
			buildSettings = {
				ALWAYS_SEARCH_USER_PATHS = NO;
				CLANG_ANALYZER_NONNULL = YES;
				CLANG_CXX_LANGUAGE_STANDARD = "gnu++0x";
				CLANG_CXX_LIBRARY = "libc++";
				CLANG_ENABLE_MODULES = YES;
				CLANG_ENABLE_OBJC_ARC = YES;
				CLANG_WARN_BOOL_CONVERSION = YES;
				CLANG_WARN_CONSTANT_CONVERSION = YES;
				CLANG_WARN_DIRECT_OBJC_ISA_USAGE = YES_ERROR;
				CLANG_WARN_DOCUMENTATION_COMMENTS = YES;
				CLANG_WARN_EMPTY_BODY = YES;
				CLANG_WARN_ENUM_CONVERSION = YES;
				CLANG_WARN_INFINITE_RECURSION = YES;
				CLANG_WARN_INT_CONVERSION = YES;
				CLANG_WARN_OBJC_ROOT_CLASS = YES_ERROR;
				CLANG_WARN_SUSPICIOUS_MOVE = YES;
				CLANG_WARN_UNREACHABLE_CODE = YES;
				CLANG_WARN__DUPLICATE_METHOD_MATCH = YES;
				"CODE_SIGN_IDENTITY[sdk=iphoneos*]" = "iPhone Developer";
				COPY_PHASE_STRIP = NO;
				DEBUG_INFORMATION_FORMAT = dwarf;
				ENABLE_STRICT_OBJC_MSGSEND = YES;
				ENABLE_TESTABILITY = YES;
				GCC_C_LANGUAGE_STANDARD = gnu99;
				GCC_DYNAMIC_NO_PIC = NO;
				GCC_NO_COMMON_BLOCKS = YES;
				GCC_OPTIMIZATION_LEVEL = 0;
				GCC_PREPROCESSOR_DEFINITIONS = (
					"DEBUG=1",
					"$(inherited)",
				);
				GCC_WARN_64_TO_32_BIT_CONVERSION = YES;
				GCC_WARN_ABOUT_RETURN_TYPE = YES_ERROR;
				GCC_WARN_UNDECLARED_SELECTOR = YES;
				GCC_WARN_UNINITIALIZED_AUTOS = YES_AGGRESSIVE;
				GCC_WARN_UNUSED_FUNCTION = YES;
				GCC_WARN_UNUSED_VARIABLE = YES;
				IPHONEOS_DEPLOYMENT_TARGET = 10.2;
				MTL_ENABLE_DEBUG_INFO = YES;
				ONLY_ACTIVE_ARCH = YES;
				SDKROOT = iphoneos;
			};
			name = Debug;
		};
		45D86E1D1E6EAA04001DFDDB /* Release */ = {
			isa = XCBuildConfiguration;
			buildSettings = {
				ALWAYS_SEARCH_USER_PATHS = NO;
				CLANG_ANALYZER_NONNULL = YES;
				CLANG_CXX_LANGUAGE_STANDARD = "gnu++0x";
				CLANG_CXX_LIBRARY = "libc++";
				CLANG_ENABLE_MODULES = YES;
				CLANG_ENABLE_OBJC_ARC = YES;
				CLANG_WARN_BOOL_CONVERSION = YES;
				CLANG_WARN_CONSTANT_CONVERSION = YES;
				CLANG_WARN_DIRECT_OBJC_ISA_USAGE = YES_ERROR;
				CLANG_WARN_DOCUMENTATION_COMMENTS = YES;
				CLANG_WARN_EMPTY_BODY = YES;
				CLANG_WARN_ENUM_CONVERSION = YES;
				CLANG_WARN_INFINITE_RECURSION = YES;
				CLANG_WARN_INT_CONVERSION = YES;
				CLANG_WARN_OBJC_ROOT_CLASS = YES_ERROR;
				CLANG_WARN_SUSPICIOUS_MOVE = YES;
				CLANG_WARN_UNREACHABLE_CODE = YES;
				CLANG_WARN__DUPLICATE_METHOD_MATCH = YES;
				"CODE_SIGN_IDENTITY[sdk=iphoneos*]" = "iPhone Developer";
				COPY_PHASE_STRIP = NO;
				DEBUG_INFORMATION_FORMAT = "dwarf-with-dsym";
				ENABLE_NS_ASSERTIONS = NO;
				ENABLE_STRICT_OBJC_MSGSEND = YES;
				GCC_C_LANGUAGE_STANDARD = gnu99;
				GCC_NO_COMMON_BLOCKS = YES;
				GCC_WARN_64_TO_32_BIT_CONVERSION = YES;
				GCC_WARN_ABOUT_RETURN_TYPE = YES_ERROR;
				GCC_WARN_UNDECLARED_SELECTOR = YES;
				GCC_WARN_UNINITIALIZED_AUTOS = YES_AGGRESSIVE;
				GCC_WARN_UNUSED_FUNCTION = YES;
				GCC_WARN_UNUSED_VARIABLE = YES;
				IPHONEOS_DEPLOYMENT_TARGET = 10.2;
				MTL_ENABLE_DEBUG_INFO = NO;
				SDKROOT = iphoneos;
				VALIDATE_PRODUCT = YES;
			};
			name = Release;
		};
		45D86E1F1E6EAA04001DFDDB /* Debug */ = {
			isa = XCBuildConfiguration;
			baseConfigurationReference = F441389C55B9EF6BD710E0E4 /* Pods-TAGChat.debug.xcconfig */;
			buildSettings = {
				ASSETCATALOG_COMPILER_APPICON_NAME = AppIcon;
				DEVELOPMENT_TEAM = KYKA84G3A2;
				INFOPLIST_FILE = TAGChat/Info.plist;
				LD_RUNPATH_SEARCH_PATHS = "$(inherited) @executable_path/Frameworks";
				PRODUCT_BUNDLE_IDENTIFIER = com.tag.dou.TAGChat;
				PRODUCT_NAME = "$(TARGET_NAME)";
			};
			name = Debug;
		};
		45D86E201E6EAA04001DFDDB /* Release */ = {
			isa = XCBuildConfiguration;
			baseConfigurationReference = 3631D46A030AD23916CFAFDA /* Pods-TAGChat.release.xcconfig */;
			buildSettings = {
				ASSETCATALOG_COMPILER_APPICON_NAME = AppIcon;
				DEVELOPMENT_TEAM = KYKA84G3A2;
				INFOPLIST_FILE = TAGChat/Info.plist;
				LD_RUNPATH_SEARCH_PATHS = "$(inherited) @executable_path/Frameworks";
				PRODUCT_BUNDLE_IDENTIFIER = com.tag.dou.TAGChat;
				PRODUCT_NAME = "$(TARGET_NAME)";
			};
			name = Release;
		};
		45D86E221E6EAA04001DFDDB /* Debug */ = {
			isa = XCBuildConfiguration;
			buildSettings = {
				BUNDLE_LOADER = "$(TEST_HOST)";
				INFOPLIST_FILE = TAGChatTests/Info.plist;
				LD_RUNPATH_SEARCH_PATHS = "$(inherited) @executable_path/Frameworks @loader_path/Frameworks";
				PRODUCT_BUNDLE_IDENTIFIER = com.tag.dou.TAGChatTests;
				PRODUCT_NAME = "$(TARGET_NAME)";
				TEST_HOST = "$(BUILT_PRODUCTS_DIR)/TAGChat.app/TAGChat";
			};
			name = Debug;
		};
		45D86E231E6EAA04001DFDDB /* Release */ = {
			isa = XCBuildConfiguration;
			buildSettings = {
				BUNDLE_LOADER = "$(TEST_HOST)";
				INFOPLIST_FILE = TAGChatTests/Info.plist;
				LD_RUNPATH_SEARCH_PATHS = "$(inherited) @executable_path/Frameworks @loader_path/Frameworks";
				PRODUCT_BUNDLE_IDENTIFIER = com.tag.dou.TAGChatTests;
				PRODUCT_NAME = "$(TARGET_NAME)";
				TEST_HOST = "$(BUILT_PRODUCTS_DIR)/TAGChat.app/TAGChat";
			};
			name = Release;
		};
		45D86E251E6EAA04001DFDDB /* Debug */ = {
			isa = XCBuildConfiguration;
			buildSettings = {
				INFOPLIST_FILE = TAGChatUITests/Info.plist;
				LD_RUNPATH_SEARCH_PATHS = "$(inherited) @executable_path/Frameworks @loader_path/Frameworks";
				PRODUCT_BUNDLE_IDENTIFIER = com.tag.dou.TAGChatUITests;
				PRODUCT_NAME = "$(TARGET_NAME)";
				TEST_TARGET_NAME = TAGChat;
			};
			name = Debug;
		};
		45D86E261E6EAA04001DFDDB /* Release */ = {
			isa = XCBuildConfiguration;
			buildSettings = {
				INFOPLIST_FILE = TAGChatUITests/Info.plist;
				LD_RUNPATH_SEARCH_PATHS = "$(inherited) @executable_path/Frameworks @loader_path/Frameworks";
				PRODUCT_BUNDLE_IDENTIFIER = com.tag.dou.TAGChatUITests;
				PRODUCT_NAME = "$(TARGET_NAME)";
				TEST_TARGET_NAME = TAGChat;
			};
			name = Release;
		};
/* End XCBuildConfiguration section */

/* Begin XCConfigurationList section */
		45D86DEC1E6EAA04001DFDDB /* Build configuration list for PBXProject "TAGChat" */ = {
			isa = XCConfigurationList;
			buildConfigurations = (
				45D86E1C1E6EAA04001DFDDB /* Debug */,
				45D86E1D1E6EAA04001DFDDB /* Release */,
			);
			defaultConfigurationIsVisible = 0;
			defaultConfigurationName = Release;
		};
		45D86E1E1E6EAA04001DFDDB /* Build configuration list for PBXNativeTarget "TAGChat" */ = {
			isa = XCConfigurationList;
			buildConfigurations = (
				45D86E1F1E6EAA04001DFDDB /* Debug */,
				45D86E201E6EAA04001DFDDB /* Release */,
			);
			defaultConfigurationIsVisible = 0;
			defaultConfigurationName = Release;
		};
		45D86E211E6EAA04001DFDDB /* Build configuration list for PBXNativeTarget "TAGChatTests" */ = {
			isa = XCConfigurationList;
			buildConfigurations = (
				45D86E221E6EAA04001DFDDB /* Debug */,
				45D86E231E6EAA04001DFDDB /* Release */,
			);
			defaultConfigurationIsVisible = 0;
			defaultConfigurationName = Release;
		};
		45D86E241E6EAA04001DFDDB /* Build configuration list for PBXNativeTarget "TAGChatUITests" */ = {
			isa = XCConfigurationList;
			buildConfigurations = (
				45D86E251E6EAA04001DFDDB /* Debug */,
				45D86E261E6EAA04001DFDDB /* Release */,
			);
			defaultConfigurationIsVisible = 0;
			defaultConfigurationName = Release;
		};
/* End XCConfigurationList section */
	};
	rootObject = 45D86DE91E6EAA04001DFDDB /* Project object */;
}
